
Microsoft Visual Studio Solution File, Format Version 12.00
# Visual Studio Version 17
VisualStudioVersion = 17.6.33829.357
MinimumVisualStudioVersion = 10.0.40219.1
Project("{FAE04EC0-301F-11D3-BF4B-00C04F79EFBC}") = "RedisExampleApp.API", "RedisExampleApp.API\RedisExampleApp.API.csproj", "{1983B997-4444-4AF8-BE85-D540EB450C3F}"
EndProject
Global
	GlobalSection(SolutionConfigurationPlatforms) = preSolution
		Debug|Any CPU = Debug|Any CPU
		Release|Any CPU = Release|Any CPU
	EndGlobalSection
	GlobalSection(ProjectConfigurationPlatforms) = postSolution
		{1983B997-4444-4AF8-BE85-D540EB450C3F}.Debug|Any CPU.ActiveCfg = Debug|Any CPU
		{1983B997-4444-4AF8-BE85-D540EB450C3F}.Debug|Any CPU.Build.0 = Debug|Any CPU
		{1983B997-4444-4AF8-BE85-D540EB450C3F}.Release|Any CPU.ActiveCfg = Release|Any CPU
		{1983B997-4444-4AF8-BE85-D540EB450C3F}.Release|Any CPU.Build.0 = Release|Any CPU
	EndGlobalSection
	GlobalSection(SolutionProperties) = preSolution
		HideSolutionNode = FALSE
	EndGlobalSection
	GlobalSection(ExtensibilityGlobals) = postSolution
		SolutionGuid = {79DE6901-D871-4029-AF08-D1BC52E93C4B}
	EndGlobalSection
EndGlobal
